
Microsoft Visual Studio Solution File, Format Version 12.00
# Visual Studio 15
VisualStudioVersion = 15.0.26430.6
MinimumVisualStudioVersion = 10.0.40219.1
Project("{FAE04EC0-301F-11D3-BF4B-00C04F79EFBC}") = "Example01", "..\Lecture01-Examples\Example01\Example01.csproj", "{7EDD4D6F-2873-4874-9C7F-5F4F1AD36F28}"
EndProject
Project("{FAE04EC0-301F-11D3-BF4B-00C04F79EFBC}") = "Example02", "Example02.csproj", "{EDC687B2-C452-444F-8627-59C50D9EB5CE}"
EndProject
Project("{FAE04EC0-301F-11D3-BF4B-00C04F79EFBC}") = "Examples03", "..\Examples03\Examples03.csproj", "{3E786FF6-419C-47AC-8C28-D5A01875C9F5}"
EndProject
Global
	GlobalSection(SolutionConfigurationPlatforms) = preSolution
		Debug|Any CPU = Debug|Any CPU
		Release|Any CPU = Release|Any CPU
	EndGlobalSection
	GlobalSection(ProjectConfigurationPlatforms) = postSolution
		{7EDD4D6F-2873-4874-9C7F-5F4F1AD36F28}.Debug|Any CPU.ActiveCfg = Debug|Any CPU
		{7EDD4D6F-2873-4874-9C7F-5F4F1AD36F28}.Debug|Any CPU.Build.0 = Debug|Any CPU
		{7EDD4D6F-2873-4874-9C7F-5F4F1AD36F28}.Release|Any CPU.ActiveCfg = Release|Any CPU
		{7EDD4D6F-2873-4874-9C7F-5F4F1AD36F28}.Release|Any CPU.Build.0 = Release|Any CPU
		{EDC687B2-C452-444F-8627-59C50D9EB5CE}.Debug|Any CPU.ActiveCfg = Debug|Any CPU
		{EDC687B2-C452-444F-8627-59C50D9EB5CE}.Debug|Any CPU.Build.0 = Debug|Any CPU
		{EDC687B2-C452-444F-8627-59C50D9EB5CE}.Release|Any CPU.ActiveCfg = Release|Any CPU
		{EDC687B2-C452-444F-8627-59C50D9EB5CE}.Release|Any CPU.Build.0 = Release|Any CPU
		{3E786FF6-419C-47AC-8C28-D5A01875C9F5}.Debug|Any CPU.ActiveCfg = Debug|Any CPU
		{3E786FF6-419C-47AC-8C28-D5A01875C9F5}.Debug|Any CPU.Build.0 = Debug|Any CPU
		{3E786FF6-419C-47AC-8C28-D5A01875C9F5}.Release|Any CPU.ActiveCfg = Release|Any CPU
		{3E786FF6-419C-47AC-8C28-D5A01875C9F5}.Release|Any CPU.Build.0 = Release|Any CPU
	EndGlobalSection
	GlobalSection(SolutionProperties) = preSolution
		HideSolutionNode = FALSE
	EndGlobalSection
EndGlobal
